
Microsoft Visual Studio Solution File, Format Version 12.00
# Visual Studio 15
VisualStudioVersion = 15.0.28010.2036
MinimumVisualStudioVersion = 10.0.40219.1
Project("{FAE04EC0-301F-11D3-BF4B-00C04F79EFBC}") = "SampleProductService", "SampleProductService\SampleProductService.csproj", "{87A6B166-751D-4CA6-BCAA-BC22C1151FB2}"
EndProject
Project("{FAE04EC0-301F-11D3-BF4B-00C04F79EFBC}") = "SampleProductService.Data", "SampleProductService.Data\SampleProductService.Data.csproj", "{ADFE9D84-01FE-4DF6-B9F0-8F2F9FAC5123}"
EndProject
Global
	GlobalSection(SolutionConfigurationPlatforms) = preSolution
		Debug|Any CPU = Debug|Any CPU
		Release|Any CPU = Release|Any CPU
	EndGlobalSection
	GlobalSection(ProjectConfigurationPlatforms) = postSolution
		{87A6B166-751D-4CA6-BCAA-BC22C1151FB2}.Debug|Any CPU.ActiveCfg = Debug|Any CPU
		{87A6B166-751D-4CA6-BCAA-BC22C1151FB2}.Debug|Any CPU.Build.0 = Debug|Any CPU
		{87A6B166-751D-4CA6-BCAA-BC22C1151FB2}.Release|Any CPU.ActiveCfg = Release|Any CPU
		{87A6B166-751D-4CA6-BCAA-BC22C1151FB2}.Release|Any CPU.Build.0 = Release|Any CPU
		{ADFE9D84-01FE-4DF6-B9F0-8F2F9FAC5123}.Debug|Any CPU.ActiveCfg = Debug|Any CPU
		{ADFE9D84-01FE-4DF6-B9F0-8F2F9FAC5123}.Debug|Any CPU.Build.0 = Debug|Any CPU
		{ADFE9D84-01FE-4DF6-B9F0-8F2F9FAC5123}.Release|Any CPU.ActiveCfg = Release|Any CPU
		{ADFE9D84-01FE-4DF6-B9F0-8F2F9FAC5123}.Release|Any CPU.Build.0 = Release|Any CPU
	EndGlobalSection
	GlobalSection(SolutionProperties) = preSolution
		HideSolutionNode = FALSE
	EndGlobalSection
	GlobalSection(ExtensibilityGlobals) = postSolution
		SolutionGuid = {C903EA55-8CBE-4B39-A95E-2C730680D9BD}
	EndGlobalSection
EndGlobal
